{
  "name": "openclaw-memory-qdrant",
  "version": "2.0.0",
  "lockfileVersion": 3,
  "requires": true,
  "packages": {
    "": {
      "name": "openclaw-memory-qdrant",
      "version": "2.0.0",
      "license": "MIT",
      "dependencies": {
        "@qdrant/js-client-rest": "^1.13.0"
      },
      "engines": {
        "node": ">=18.0.0"
      }
    },
    "node_modules/@qdrant/js-client-rest": {
      "version": "1.16.2",
      "license": "Apache-2.0",
      "dependencies": {
        "@qdrant/openapi-typescript-fetch": "1.2.6",
        "undici": "^6.0.0"
      },
      "engines": {
        "node": ">=18.17.0",
        "pnpm": ">=8"
      },
      "peerDependencies": {
        "typescript": ">=4.7"
      }
    },
    "node_modules/@qdrant/openapi-typescript-fetch": {
      "version": "1.2.6",
      "license": "MIT",
      "engines": {
        "node": ">=18.0.0",
        "pnpm": ">=8"
      }
    },
    "node_modules/typescript": {
      "version": "5.9.3",
      "license": "Apache-2.0",
      "peer": true,
      "bin": {
        "tsc": "bin/tsc",
        "tsserver": "bin/tsserver"
      },
      "engines": {
        "node": ">=14.17"
      }
    },
    "node_modules/undici": {
      "version": "6.23.0",
      "license": "MIT",
      "engines": {
        "node": ">=18.17"
      }
    }
  }
}
